
Microsoft Visual Studio Solution File, Format Version 12.00
# Visual Studio Version 17
VisualStudioVersion = 17.7.34009.444
MinimumVisualStudioVersion = 10.0.40219.1
Project("{FAE04EC0-301F-11D3-BF4B-00C04F79EFBC}") = "Poo_heranca", "Poo_heranca\Poo_heranca.csproj", "{2874A309-89C8-4D1F-8B76-5DBEDEF060C7}"
EndProject
Global
	GlobalSection(SolutionConfigurationPlatforms) = preSolution
		Debug|Any CPU = Debug|Any CPU
		Release|Any CPU = Release|Any CPU
	EndGlobalSection
	GlobalSection(ProjectConfigurationPlatforms) = postSolution
		{2874A309-89C8-4D1F-8B76-5DBEDEF060C7}.Debug|Any CPU.ActiveCfg = Debug|Any CPU
		{2874A309-89C8-4D1F-8B76-5DBEDEF060C7}.Debug|Any CPU.Build.0 = Debug|Any CPU
		{2874A309-89C8-4D1F-8B76-5DBEDEF060C7}.Release|Any CPU.ActiveCfg = Release|Any CPU
		{2874A309-89C8-4D1F-8B76-5DBEDEF060C7}.Release|Any CPU.Build.0 = Release|Any CPU
	EndGlobalSection
	GlobalSection(SolutionProperties) = preSolution
		HideSolutionNode = FALSE
	EndGlobalSection
	GlobalSection(ExtensibilityGlobals) = postSolution
		SolutionGuid = {E9107E16-F5AA-43CF-ADEF-58C9B0FD4705}
	EndGlobalSection
EndGlobal
